
Microsoft Visual Studio Solution File, Format Version 12.00
# Visual Studio Version 17
VisualStudioVersion = 17.1.32210.238
MinimumVisualStudioVersion = 10.0.40219.1
Project("{FAE04EC0-301F-11D3-BF4B-00C04F79EFBC}") = "RestApi", "RestApi.csproj", "{EC3BF9DD-9C3F-4FB1-9B91-EFA95CACC6C3}"
EndProject
Global
	GlobalSection(SolutionConfigurationPlatforms) = preSolution
		Debug|Any CPU = Debug|Any CPU
		Release|Any CPU = Release|Any CPU
	EndGlobalSection
	GlobalSection(ProjectConfigurationPlatforms) = postSolution
		{EC3BF9DD-9C3F-4FB1-9B91-EFA95CACC6C3}.Debug|Any CPU.ActiveCfg = Debug|Any CPU
		{EC3BF9DD-9C3F-4FB1-9B91-EFA95CACC6C3}.Debug|Any CPU.Build.0 = Debug|Any CPU
		{EC3BF9DD-9C3F-4FB1-9B91-EFA95CACC6C3}.Release|Any CPU.ActiveCfg = Release|Any CPU
		{EC3BF9DD-9C3F-4FB1-9B91-EFA95CACC6C3}.Release|Any CPU.Build.0 = Release|Any CPU
	EndGlobalSection
	GlobalSection(SolutionProperties) = preSolution
		HideSolutionNode = FALSE
	EndGlobalSection
	GlobalSection(ExtensibilityGlobals) = postSolution
		SolutionGuid = {ED99BB87-7059-465D-85B6-954F5F0A831A}
	EndGlobalSection
EndGlobal
